
Microsoft Visual Studio Solution File, Format Version 12.00
# Visual Studio 15
Project("{FAE04EC0-301F-11D3-BF4B-00C04F79EFBC}") = "Assembly-CSharp", "Assembly-CSharp.csproj", "{291C8B25-83E4-380F-F487-B1E1DEE74571}"
EndProject
Project("{FAE04EC0-301F-11D3-BF4B-00C04F79EFBC}") = "Assembly-CSharp-firstpass", "Assembly-CSharp-firstpass.csproj", "{5651382B-3C45-B908-31B9-55559BFA848B}"
EndProject
Project("{FAE04EC0-301F-11D3-BF4B-00C04F79EFBC}") = "Assembly-CSharp-Editor-firstpass", "Assembly-CSharp-Editor-firstpass.csproj", "{858FD9FB-99E9-659D-9776-F77B85A627D9}"
EndProject
Global
	GlobalSection(SolutionConfigurationPlatforms) = preSolution
		Debug|Any CPU = Debug|Any CPU
		Release|Any CPU = Release|Any CPU
	EndGlobalSection
	GlobalSection(ProjectConfigurationPlatforms) = postSolution
		{291C8B25-83E4-380F-F487-B1E1DEE74571}.Debug|Any CPU.ActiveCfg = Debug|Any CPU
		{291C8B25-83E4-380F-F487-B1E1DEE74571}.Debug|Any CPU.Build.0 = Debug|Any CPU
		{291C8B25-83E4-380F-F487-B1E1DEE74571}.Release|Any CPU.ActiveCfg = Release|Any CPU
		{291C8B25-83E4-380F-F487-B1E1DEE74571}.Release|Any CPU.Build.0 = Release|Any CPU
		{5651382B-3C45-B908-31B9-55559BFA848B}.Debug|Any CPU.ActiveCfg = Debug|Any CPU
		{5651382B-3C45-B908-31B9-55559BFA848B}.Debug|Any CPU.Build.0 = Debug|Any CPU
		{5651382B-3C45-B908-31B9-55559BFA848B}.Release|Any CPU.ActiveCfg = Release|Any CPU
		{5651382B-3C45-B908-31B9-55559BFA848B}.Release|Any CPU.Build.0 = Release|Any CPU
		{858FD9FB-99E9-659D-9776-F77B85A627D9}.Debug|Any CPU.ActiveCfg = Debug|Any CPU
		{858FD9FB-99E9-659D-9776-F77B85A627D9}.Debug|Any CPU.Build.0 = Debug|Any CPU
		{858FD9FB-99E9-659D-9776-F77B85A627D9}.Release|Any CPU.ActiveCfg = Release|Any CPU
		{858FD9FB-99E9-659D-9776-F77B85A627D9}.Release|Any CPU.Build.0 = Release|Any CPU
	EndGlobalSection
	GlobalSection(SolutionProperties) = preSolution
		HideSolutionNode = FALSE
	EndGlobalSection
EndGlobal
